// !$*UTF8*$!
{
	archiveVersion = 1;
	classes = {
	};
	objectVersion = 56;
	objects = {

/* Begin PBXBuildFile section */
		D28A629A2AC24E6500D03286 /* PostView.swift in Sources */ = {isa = PBXBuildFile; fileRef = D28A62992AC24E6500D03286 /* PostView.swift */; };
		D28A629E2AC251A700D03286 /* TabView.swift in Sources */ = {isa = PBXBuildFile; fileRef = D28A629D2AC251A700D03286 /* TabView.swift */; };
		D28A62A02AC251C000D03286 /* Enums.swift in Sources */ = {isa = PBXBuildFile; fileRef = D28A629F2AC251C000D03286 /* Enums.swift */; };
		D28A62A22AC251C500D03286 /* TabItem.swift in Sources */ = {isa = PBXBuildFile; fileRef = D28A62A12AC251C500D03286 /* TabItem.swift */; };
		D28A62A42AC251CB00D03286 /* Item.swift in Sources */ = {isa = PBXBuildFile; fileRef = D28A62A32AC251CB00D03286 /* Item.swift */; };
		D28A62A62AC253F300D03286 /* CircleImage.swift in Sources */ = {isa = PBXBuildFile; fileRef = D28A62A52AC253F300D03286 /* CircleImage.swift */; };
		D28A62A82AC253FE00D03286 /* MapView.swift in Sources */ = {isa = PBXBuildFile; fileRef = D28A62A72AC253FE00D03286 /* MapView.swift */; };
		D28A62AA2AC2540400D03286 /* OrgaProfileView.swift in Sources */ = {isa = PBXBuildFile; fileRef = D28A62A92AC2540400D03286 /* OrgaProfileView.swift */; };
		D28A62AD2AC2596000D03286 /* Alamofire in Frameworks */ = {isa = PBXBuildFile; productRef = D28A62AC2AC2596000D03286 /* Alamofire */; };
		D2A54C412ABA8D7900C28471 /* OrganizationsModel.swift in Sources */ = {isa = PBXBuildFile; fileRef = D2A54C402ABA8D7900C28471 /* OrganizationsModel.swift */; };
		FB01510D2ADB4FA7007C9AC1 /* EditOrgaProfileView.swift in Sources */ = {isa = PBXBuildFile; fileRef = FB01510C2ADB4FA7007C9AC1 /* EditOrgaProfileView.swift */; };
		FB01510F2ADB4FB7007C9AC1 /* Followers.swift in Sources */ = {isa = PBXBuildFile; fileRef = FB01510E2ADB4FB7007C9AC1 /* Followers.swift */; };
		FB0151112ADB4FC4007C9AC1 /* AboutUs.swift in Sources */ = {isa = PBXBuildFile; fileRef = FB0151102ADB4FC4007C9AC1 /* AboutUs.swift */; };
		FB21CE9E2ABA777F00C8CD13 /* ProfileView.swift in Sources */ = {isa = PBXBuildFile; fileRef = FB21CE9D2ABA777F00C8CD13 /* ProfileView.swift */; };
		FB21CEA02ABA7C7C00C8CD13 /* FeedView.swift in Sources */ = {isa = PBXBuildFile; fileRef = FB21CE9F2ABA7C7C00C8CD13 /* FeedView.swift */; };
		FB21CEA22ABA7CF100C8CD13 /* OrganizationsView.swift in Sources */ = {isa = PBXBuildFile; fileRef = FB21CEA12ABA7CF100C8CD13 /* OrganizationsView.swift */; };
		FB4FE3CB2AD48F5B0099C351 /* GoogleService-Info.plist in Resources */ = {isa = PBXBuildFile; fileRef = FB4FE3CA2AD48F5B0099C351 /* GoogleService-Info.plist */; };
		FB4FE3CE2AD48FED0099C351 /* FirebaseAppCheck in Frameworks */ = {isa = PBXBuildFile; productRef = FB4FE3CD2AD48FED0099C351 /* FirebaseAppCheck */; };
		FB4FE3D02AD490FC0099C351 /* Organization.swift in Sources */ = {isa = PBXBuildFile; fileRef = FB4FE3CF2AD490FC0099C351 /* Organization.swift */; };
		FB4FE3D32AD4941B0099C351 /* Kingfisher in Frameworks */ = {isa = PBXBuildFile; productRef = FB4FE3D22AD4941B0099C351 /* Kingfisher */; };
		FB4FE3D52AD496B10099C351 /* FirebaseAnalytics in Frameworks */ = {isa = PBXBuildFile; productRef = FB4FE3D42AD496B10099C351 /* FirebaseAnalytics */; };
		FB4FE3D72AD496B10099C351 /* FirebaseAnalyticsOnDeviceConversion in Frameworks */ = {isa = PBXBuildFile; productRef = FB4FE3D62AD496B10099C351 /* FirebaseAnalyticsOnDeviceConversion */; };
		FB4FE3D92AD496B10099C351 /* FirebaseAnalyticsSwift in Frameworks */ = {isa = PBXBuildFile; productRef = FB4FE3D82AD496B10099C351 /* FirebaseAnalyticsSwift */; };
		FB4FE3DB2AD496B10099C351 /* FirebaseAnalyticsWithoutAdIdSupport in Frameworks */ = {isa = PBXBuildFile; productRef = FB4FE3DA2AD496B10099C351 /* FirebaseAnalyticsWithoutAdIdSupport */; };
		FB4FE3DD2AD496B10099C351 /* FirebaseAppCheck in Frameworks */ = {isa = PBXBuildFile; productRef = FB4FE3DC2AD496B10099C351 /* FirebaseAppCheck */; };
		FB4FE3DF2AD496B10099C351 /* FirebaseAppDistribution-Beta in Frameworks */ = {isa = PBXBuildFile; productRef = FB4FE3DE2AD496B10099C351 /* FirebaseAppDistribution-Beta */; };
		FB4FE3E12AD496B10099C351 /* FirebaseAuth in Frameworks */ = {isa = PBXBuildFile; productRef = FB4FE3E02AD496B10099C351 /* FirebaseAuth */; };
		FB4FE3E32AD496B10099C351 /* FirebaseAuthCombine-Community in Frameworks */ = {isa = PBXBuildFile; productRef = FB4FE3E22AD496B10099C351 /* FirebaseAuthCombine-Community */; };
		FB4FE3E52AD496B10099C351 /* FirebaseCrashlytics in Frameworks */ = {isa = PBXBuildFile; productRef = FB4FE3E42AD496B10099C351 /* FirebaseCrashlytics */; };
		FB4FE3E72AD496B10099C351 /* FirebaseDatabase in Frameworks */ = {isa = PBXBuildFile; productRef = FB4FE3E62AD496B10099C351 /* FirebaseDatabase */; };
		FB4FE3E92AD496B10099C351 /* FirebaseDatabaseSwift in Frameworks */ = {isa = PBXBuildFile; productRef = FB4FE3E82AD496B10099C351 /* FirebaseDatabaseSwift */; };
		FB4FE3EB2AD496B10099C351 /* FirebaseDynamicLinks in Frameworks */ = {isa = PBXBuildFile; productRef = FB4FE3EA2AD496B10099C351 /* FirebaseDynamicLinks */; };
		FB4FE3ED2AD496B10099C351 /* FirebaseFirestore in Frameworks */ = {isa = PBXBuildFile; productRef = FB4FE3EC2AD496B10099C351 /* FirebaseFirestore */; };
		FB4FE3EF2AD496B10099C351 /* FirebaseFirestoreCombine-Community in Frameworks */ = {isa = PBXBuildFile; productRef = FB4FE3EE2AD496B10099C351 /* FirebaseFirestoreCombine-Community */; };
		FB4FE3F12AD496B10099C351 /* FirebaseFirestoreSwift in Frameworks */ = {isa = PBXBuildFile; productRef = FB4FE3F02AD496B10099C351 /* FirebaseFirestoreSwift */; };
		FB4FE3F32AD496B10099C351 /* FirebaseFunctions in Frameworks */ = {isa = PBXBuildFile; productRef = FB4FE3F22AD496B10099C351 /* FirebaseFunctions */; };
		FB4FE3F52AD496B10099C351 /* FirebaseFunctionsCombine-Community in Frameworks */ = {isa = PBXBuildFile; productRef = FB4FE3F42AD496B10099C351 /* FirebaseFunctionsCombine-Community */; };
		FB4FE3F72AD496B10099C351 /* FirebaseInAppMessaging-Beta in Frameworks */ = {isa = PBXBuildFile; productRef = FB4FE3F62AD496B10099C351 /* FirebaseInAppMessaging-Beta */; };
		FB4FE3F92AD496B10099C351 /* FirebaseInAppMessagingSwift-Beta in Frameworks */ = {isa = PBXBuildFile; productRef = FB4FE3F82AD496B10099C351 /* FirebaseInAppMessagingSwift-Beta */; };
		FB4FE3FB2AD496B10099C351 /* FirebaseInstallations in Frameworks */ = {isa = PBXBuildFile; productRef = FB4FE3FA2AD496B10099C351 /* FirebaseInstallations */; };
		FB4FE3FD2AD496B10099C351 /* FirebaseMLModelDownloader in Frameworks */ = {isa = PBXBuildFile; productRef = FB4FE3FC2AD496B10099C351 /* FirebaseMLModelDownloader */; };
		FB4FE3FF2AD496B10099C351 /* FirebaseMessaging in Frameworks */ = {isa = PBXBuildFile; productRef = FB4FE3FE2AD496B10099C351 /* FirebaseMessaging */; };
		FB4FE4012AD496B10099C351 /* FirebasePerformance in Frameworks */ = {isa = PBXBuildFile; productRef = FB4FE4002AD496B10099C351 /* FirebasePerformance */; };
		FB4FE4032AD496B10099C351 /* FirebaseRemoteConfig in Frameworks */ = {isa = PBXBuildFile; productRef = FB4FE4022AD496B10099C351 /* FirebaseRemoteConfig */; };
		FB4FE4052AD496B10099C351 /* FirebaseRemoteConfigSwift in Frameworks */ = {isa = PBXBuildFile; productRef = FB4FE4042AD496B10099C351 /* FirebaseRemoteConfigSwift */; };
		FB4FE4072AD496B10099C351 /* FirebaseStorage in Frameworks */ = {isa = PBXBuildFile; productRef = FB4FE4062AD496B10099C351 /* FirebaseStorage */; };
		FB4FE4092AD496B10099C351 /* FirebaseStorageCombine-Community in Frameworks */ = {isa = PBXBuildFile; productRef = FB4FE4082AD496B10099C351 /* FirebaseStorageCombine-Community */; };
		FB4FE40B2AD496C80099C351 /* FirebaseAnalytics in Frameworks */ = {isa = PBXBuildFile; productRef = FB4FE40A2AD496C80099C351 /* FirebaseAnalytics */; };
		FB4FE40D2AD496C80099C351 /* FirebaseAnalyticsOnDeviceConversion in Frameworks */ = {isa = PBXBuildFile; productRef = FB4FE40C2AD496C80099C351 /* FirebaseAnalyticsOnDeviceConversion */; };
		FB4FE40F2AD496C80099C351 /* FirebaseAnalyticsSwift in Frameworks */ = {isa = PBXBuildFile; productRef = FB4FE40E2AD496C80099C351 /* FirebaseAnalyticsSwift */; };
		FB4FE4112AD496C80099C351 /* FirebaseAnalyticsWithoutAdIdSupport in Frameworks */ = {isa = PBXBuildFile; productRef = FB4FE4102AD496C80099C351 /* FirebaseAnalyticsWithoutAdIdSupport */; };
		FB4FE4132AD496C80099C351 /* FirebaseAppCheck in Frameworks */ = {isa = PBXBuildFile; productRef = FB4FE4122AD496C80099C351 /* FirebaseAppCheck */; };
		FB4FE4152AD496C80099C351 /* FirebaseAppDistribution-Beta in Frameworks */ = {isa = PBXBuildFile; productRef = FB4FE4142AD496C80099C351 /* FirebaseAppDistribution-Beta */; };
		FB4FE4172AD496C80099C351 /* FirebaseAuth in Frameworks */ = {isa = PBXBuildFile; productRef = FB4FE4162AD496C80099C351 /* FirebaseAuth */; };
		FB4FE4192AD496C80099C351 /* FirebaseAuthCombine-Community in Frameworks */ = {isa = PBXBuildFile; productRef = FB4FE4182AD496C80099C351 /* FirebaseAuthCombine-Community */; };
		FB4FE41B2AD496C80099C351 /* FirebaseCrashlytics in Frameworks */ = {isa = PBXBuildFile; productRef = FB4FE41A2AD496C80099C351 /* FirebaseCrashlytics */; };
		FB4FE41D2AD496C80099C351 /* FirebaseDatabase in Frameworks */ = {isa = PBXBuildFile; productRef = FB4FE41C2AD496C80099C351 /* FirebaseDatabase */; };
		FB4FE41F2AD496C80099C351 /* FirebaseDatabaseSwift in Frameworks */ = {isa = PBXBuildFile; productRef = FB4FE41E2AD496C80099C351 /* FirebaseDatabaseSwift */; };
		FB4FE4212AD496C80099C351 /* FirebaseDynamicLinks in Frameworks */ = {isa = PBXBuildFile; productRef = FB4FE4202AD496C80099C351 /* FirebaseDynamicLinks */; };
		FB4FE4232AD496C80099C351 /* FirebaseFirestoreCombine-Community in Frameworks */ = {isa = PBXBuildFile; productRef = FB4FE4222AD496C80099C351 /* FirebaseFirestoreCombine-Community */; };
		FB4FE4252AD496C80099C351 /* FirebaseFirestoreSwift in Frameworks */ = {isa = PBXBuildFile; productRef = FB4FE4242AD496C80099C351 /* FirebaseFirestoreSwift */; };
		FB4FE4272AD496C80099C351 /* FirebaseFunctions in Frameworks */ = {isa = PBXBuildFile; productRef = FB4FE4262AD496C80099C351 /* FirebaseFunctions */; };
		FB4FE4292AD496C80099C351 /* FirebaseFunctionsCombine-Community in Frameworks */ = {isa = PBXBuildFile; productRef = FB4FE4282AD496C80099C351 /* FirebaseFunctionsCombine-Community */; };
		FB4FE42B2AD496C80099C351 /* FirebaseInAppMessaging-Beta in Frameworks */ = {isa = PBXBuildFile; productRef = FB4FE42A2AD496C80099C351 /* FirebaseInAppMessaging-Beta */; };
		FB4FE42D2AD496C80099C351 /* FirebaseInAppMessagingSwift-Beta in Frameworks */ = {isa = PBXBuildFile; productRef = FB4FE42C2AD496C80099C351 /* FirebaseInAppMessagingSwift-Beta */; };
		FB4FE42F2AD496C80099C351 /* FirebaseInstallations in Frameworks */ = {isa = PBXBuildFile; productRef = FB4FE42E2AD496C80099C351 /* FirebaseInstallations */; };
		FB4FE4312AD496C80099C351 /* FirebaseMLModelDownloader in Frameworks */ = {isa = PBXBuildFile; productRef = FB4FE4302AD496C80099C351 /* FirebaseMLModelDownloader */; };
		FB4FE4332AD496C80099C351 /* FirebaseMessaging in Frameworks */ = {isa = PBXBuildFile; productRef = FB4FE4322AD496C80099C351 /* FirebaseMessaging */; };
		FB4FE4352AD496C80099C351 /* FirebasePerformance in Frameworks */ = {isa = PBXBuildFile; productRef = FB4FE4342AD496C80099C351 /* FirebasePerformance */; };
		FB4FE4372AD496C80099C351 /* FirebaseRemoteConfig in Frameworks */ = {isa = PBXBuildFile; productRef = FB4FE4362AD496C80099C351 /* FirebaseRemoteConfig */; };
		FB4FE4392AD496C80099C351 /* FirebaseRemoteConfigSwift in Frameworks */ = {isa = PBXBuildFile; productRef = FB4FE4382AD496C80099C351 /* FirebaseRemoteConfigSwift */; };
		FB4FE43B2AD496C80099C351 /* FirebaseStorage in Frameworks */ = {isa = PBXBuildFile; productRef = FB4FE43A2AD496C80099C351 /* FirebaseStorage */; };
		FB4FE43D2AD496C80099C351 /* FirebaseStorageCombine-Community in Frameworks */ = {isa = PBXBuildFile; productRef = FB4FE43C2AD496C80099C351 /* FirebaseStorageCombine-Community */; };
		FB4FE43F2AD4CCAD0099C351 /* CommentModel.swift in Sources */ = {isa = PBXBuildFile; fileRef = FB4FE43E2AD4CCAD0099C351 /* CommentModel.swift */; };
		FB4FE4442AD6253A0099C351 /* UserModel.swift in Sources */ = {isa = PBXBuildFile; fileRef = FB4FE4432AD6253A0099C351 /* UserModel.swift */; };
		FB55370E2AC65091008553E4 /* PublicationDetailView.swift in Sources */ = {isa = PBXBuildFile; fileRef = FB55370D2AC65090008553E4 /* PublicationDetailView.swift */; };
		FB5537102ACB9225008553E4 /* CommentView.swift in Sources */ = {isa = PBXBuildFile; fileRef = FB55370F2ACB9225008553E4 /* CommentView.swift */; };
		FB5537122ACF7D97008553E4 /* Publication.swift in Sources */ = {isa = PBXBuildFile; fileRef = FB5537112ACF7D97008553E4 /* Publication.swift */; };
		FB5537152ACF7FCD008553E4 /* SwiftyJSON in Frameworks */ = {isa = PBXBuildFile; productRef = FB5537142ACF7FCD008553E4 /* SwiftyJSON */; };
		FB96BD1D2AB90CA80069DD90 /* ProyectoAppApp.swift in Sources */ = {isa = PBXBuildFile; fileRef = FB96BD1C2AB90CA80069DD90 /* ProyectoAppApp.swift */; };
		FB96BD1F2AB90CA80069DD90 /* ContentView.swift in Sources */ = {isa = PBXBuildFile; fileRef = FB96BD1E2AB90CA80069DD90 /* ContentView.swift */; };
		FB96BD212AB90CAA0069DD90 /* Assets.xcassets in Resources */ = {isa = PBXBuildFile; fileRef = FB96BD202AB90CAA0069DD90 /* Assets.xcassets */; };
		FB96BD242AB90CAA0069DD90 /* Preview Assets.xcassets in Resources */ = {isa = PBXBuildFile; fileRef = FB96BD232AB90CAA0069DD90 /* Preview Assets.xcassets */; };
		FB96BD2B2AB90CB40069DD90 /* HomeView.swift in Sources */ = {isa = PBXBuildFile; fileRef = FB96BD2A2AB90CB40069DD90 /* HomeView.swift */; };
		FB96BD2D2AB91C7F0069DD90 /* PublicationView.swift in Sources */ = {isa = PBXBuildFile; fileRef = FB96BD2C2AB91C7F0069DD90 /* PublicationView.swift */; };
		FB96BD302ABA5AB20069DD90 /* PublicationModel.swift in Sources */ = {isa = PBXBuildFile; fileRef = FB96BD2F2ABA5AB20069DD90 /* PublicationModel.swift */; };
		FBD9D0952ADBE2C80031927A /* RegisterView.swift in Sources */ = {isa = PBXBuildFile; fileRef = FBD9D0942ADBE2C80031927A /* RegisterView.swift */; };
		FBD9D0972ADBE2DD0031927A /* BackgorundView.swift in Sources */ = {isa = PBXBuildFile; fileRef = FBD9D0962ADBE2DD0031927A /* BackgorundView.swift */; };
		FBD9D0992ADBE3220031927A /* PickRoleView.swift in Sources */ = {isa = PBXBuildFile; fileRef = FBD9D0982ADBE3220031927A /* PickRoleView.swift */; };
		FBD9D09C2ADBE3AE0031927A /* TagUser.swift in Sources */ = {isa = PBXBuildFile; fileRef = FBD9D09B2ADBE3AE0031927A /* TagUser.swift */; };
		FBD9D09F2ADBE4230031927A /* TagOrganization.swift in Sources */ = {isa = PBXBuildFile; fileRef = FBD9D09E2ADBE4230031927A /* TagOrganization.swift */; };
		FBD9D0A12ADBE48B0031927A /* RegisterUserVIew.swift in Sources */ = {isa = PBXBuildFile; fileRef = FBD9D0A02ADBE48B0031927A /* RegisterUserVIew.swift */; };
		FBD9D0A32ADBE4A20031927A /* RegisterOrganizationView.swift in Sources */ = {isa = PBXBuildFile; fileRef = FBD9D0A22ADBE4A20031927A /* RegisterOrganizationView.swift */; };
		FBD9D0A52ADBE4E40031927A /* LoginView.swift in Sources */ = {isa = PBXBuildFile; fileRef = FBD9D0A42ADBE4E40031927A /* LoginView.swift */; };
		FBD9D0A72ADDDEB10031927A /* User.swift in Sources */ = {isa = PBXBuildFile; fileRef = FBD9D0A62ADDDEB10031927A /* User.swift */; };
		FBF6CE422AD68BA6007063D5 /* PostCommentView.swift in Sources */ = {isa = PBXBuildFile; fileRef = FBF6CE412AD68BA6007063D5 /* PostCommentView.swift */; };
		FBF6CE442AD7262D007063D5 /* PublicationCommentsView.swift in Sources */ = {isa = PBXBuildFile; fileRef = FBF6CE432AD7262D007063D5 /* PublicationCommentsView.swift */; };
		FBF6CE462AD8A726007063D5 /* OrgMostLikedPubsView.swift in Sources */ = {isa = PBXBuildFile; fileRef = FBF6CE452AD8A726007063D5 /* OrgMostLikedPubsView.swift */; };
		FBF6CE482ADA7FC5007063D5 /* ImageProfileView.swift in Sources */ = {isa = PBXBuildFile; fileRef = FBF6CE472ADA7FC5007063D5 /* ImageProfileView.swift */; };
		FBF6CE4A2ADA7FDE007063D5 /* EditProfileView.swift in Sources */ = {isa = PBXBuildFile; fileRef = FBF6CE492ADA7FDE007063D5 /* EditProfileView.swift */; };
		FBF6CE4C2ADA7FFC007063D5 /* FollowView.swift in Sources */ = {isa = PBXBuildFile; fileRef = FBF6CE4B2ADA7FFC007063D5 /* FollowView.swift */; };
/* End PBXBuildFile section */

/* Begin PBXFileReference section */
		D28A62992AC24E6500D03286 /* PostView.swift */ = {isa = PBXFileReference; lastKnownFileType = sourcecode.swift; path = PostView.swift; sourceTree = "<group>"; };
		D28A629D2AC251A700D03286 /* TabView.swift */ = {isa = PBXFileReference; fileEncoding = 4; lastKnownFileType = sourcecode.swift; path = TabView.swift; sourceTree = "<group>"; };
		D28A629F2AC251C000D03286 /* Enums.swift */ = {isa = PBXFileReference; fileEncoding = 4; lastKnownFileType = sourcecode.swift; path = Enums.swift; sourceTree = "<group>"; };
		D28A62A12AC251C500D03286 /* TabItem.swift */ = {isa = PBXFileReference; fileEncoding = 4; lastKnownFileType = sourcecode.swift; path = TabItem.swift; sourceTree = "<group>"; };
		D28A62A32AC251CB00D03286 /* Item.swift */ = {isa = PBXFileReference; fileEncoding = 4; lastKnownFileType = sourcecode.swift; path = Item.swift; sourceTree = "<group>"; };
		D28A62A52AC253F300D03286 /* CircleImage.swift */ = {isa = PBXFileReference; fileEncoding = 4; lastKnownFileType = sourcecode.swift; path = CircleImage.swift; sourceTree = "<group>"; };
		D28A62A72AC253FE00D03286 /* MapView.swift */ = {isa = PBXFileReference; fileEncoding = 4; lastKnownFileType = sourcecode.swift; path = MapView.swift; sourceTree = "<group>"; };
		D28A62A92AC2540400D03286 /* OrgaProfileView.swift */ = {isa = PBXFileReference; fileEncoding = 4; lastKnownFileType = sourcecode.swift; path = OrgaProfileView.swift; sourceTree = "<group>"; };
		D2A54C402ABA8D7900C28471 /* OrganizationsModel.swift */ = {isa = PBXFileReference; lastKnownFileType = sourcecode.swift; path = OrganizationsModel.swift; sourceTree = "<group>"; };
		FB01510C2ADB4FA7007C9AC1 /* EditOrgaProfileView.swift */ = {isa = PBXFileReference; lastKnownFileType = sourcecode.swift; path = EditOrgaProfileView.swift; sourceTree = "<group>"; };
		FB01510E2ADB4FB7007C9AC1 /* Followers.swift */ = {isa = PBXFileReference; lastKnownFileType = sourcecode.swift; path = Followers.swift; sourceTree = "<group>"; };
		FB0151102ADB4FC4007C9AC1 /* AboutUs.swift */ = {isa = PBXFileReference; lastKnownFileType = sourcecode.swift; path = AboutUs.swift; sourceTree = "<group>"; };
		FB21CE9D2ABA777F00C8CD13 /* ProfileView.swift */ = {isa = PBXFileReference; lastKnownFileType = sourcecode.swift; path = ProfileView.swift; sourceTree = "<group>"; };
		FB21CE9F2ABA7C7C00C8CD13 /* FeedView.swift */ = {isa = PBXFileReference; lastKnownFileType = sourcecode.swift; path = FeedView.swift; sourceTree = "<group>"; };
		FB21CEA12ABA7CF100C8CD13 /* OrganizationsView.swift */ = {isa = PBXFileReference; lastKnownFileType = sourcecode.swift; path = OrganizationsView.swift; sourceTree = "<group>"; };
		FB4FE3CA2AD48F5B0099C351 /* GoogleService-Info.plist */ = {isa = PBXFileReference; fileEncoding = 4; lastKnownFileType = text.plist.xml; path = "GoogleService-Info.plist"; sourceTree = "<group>"; };
		FB4FE3CF2AD490FC0099C351 /* Organization.swift */ = {isa = PBXFileReference; lastKnownFileType = sourcecode.swift; path = Organization.swift; sourceTree = "<group>"; };
		FB4FE43E2AD4CCAD0099C351 /* CommentModel.swift */ = {isa = PBXFileReference; lastKnownFileType = sourcecode.swift; path = CommentModel.swift; sourceTree = "<group>"; };
		FB4FE4432AD6253A0099C351 /* UserModel.swift */ = {isa = PBXFileReference; lastKnownFileType = sourcecode.swift; path = UserModel.swift; sourceTree = "<group>"; };
		FB55370D2AC65090008553E4 /* PublicationDetailView.swift */ = {isa = PBXFileReference; lastKnownFileType = sourcecode.swift; path = PublicationDetailView.swift; sourceTree = "<group>"; };
		FB55370F2ACB9225008553E4 /* CommentView.swift */ = {isa = PBXFileReference; lastKnownFileType = sourcecode.swift; path = CommentView.swift; sourceTree = "<group>"; };
		FB5537112ACF7D97008553E4 /* Publication.swift */ = {isa = PBXFileReference; lastKnownFileType = sourcecode.swift; path = Publication.swift; sourceTree = "<group>"; };
		FB96BD192AB90CA80069DD90 /* ProyectoApp.app */ = {isa = PBXFileReference; explicitFileType = wrapper.application; includeInIndex = 0; path = ProyectoApp.app; sourceTree = BUILT_PRODUCTS_DIR; };
		FB96BD1C2AB90CA80069DD90 /* ProyectoAppApp.swift */ = {isa = PBXFileReference; lastKnownFileType = sourcecode.swift; path = ProyectoAppApp.swift; sourceTree = "<group>"; };
		FB96BD1E2AB90CA80069DD90 /* ContentView.swift */ = {isa = PBXFileReference; lastKnownFileType = sourcecode.swift; path = ContentView.swift; sourceTree = "<group>"; };
		FB96BD202AB90CAA0069DD90 /* Assets.xcassets */ = {isa = PBXFileReference; lastKnownFileType = folder.assetcatalog; path = Assets.xcassets; sourceTree = "<group>"; };
		FB96BD232AB90CAA0069DD90 /* Preview Assets.xcassets */ = {isa = PBXFileReference; lastKnownFileType = folder.assetcatalog; path = "Preview Assets.xcassets"; sourceTree = "<group>"; };
		FB96BD2A2AB90CB40069DD90 /* HomeView.swift */ = {isa = PBXFileReference; lastKnownFileType = sourcecode.swift; path = HomeView.swift; sourceTree = "<group>"; };
		FB96BD2C2AB91C7F0069DD90 /* PublicationView.swift */ = {isa = PBXFileReference; lastKnownFileType = sourcecode.swift; path = PublicationView.swift; sourceTree = "<group>"; };
		FB96BD2F2ABA5AB20069DD90 /* PublicationModel.swift */ = {isa = PBXFileReference; lastKnownFileType = sourcecode.swift; path = PublicationModel.swift; sourceTree = "<group>"; };
		FBD9D0942ADBE2C80031927A /* RegisterView.swift */ = {isa = PBXFileReference; lastKnownFileType = sourcecode.swift; path = RegisterView.swift; sourceTree = "<group>"; };
		FBD9D0962ADBE2DD0031927A /* BackgorundView.swift */ = {isa = PBXFileReference; lastKnownFileType = sourcecode.swift; path = BackgorundView.swift; sourceTree = "<group>"; };
		FBD9D0982ADBE3220031927A /* PickRoleView.swift */ = {isa = PBXFileReference; lastKnownFileType = sourcecode.swift; path = PickRoleView.swift; sourceTree = "<group>"; };
		FBD9D09B2ADBE3AE0031927A /* TagUser.swift */ = {isa = PBXFileReference; lastKnownFileType = sourcecode.swift; path = TagUser.swift; sourceTree = "<group>"; };
		FBD9D09E2ADBE4230031927A /* TagOrganization.swift */ = {isa = PBXFileReference; lastKnownFileType = sourcecode.swift; path = TagOrganization.swift; sourceTree = "<group>"; };
		FBD9D0A02ADBE48B0031927A /* RegisterUserVIew.swift */ = {isa = PBXFileReference; lastKnownFileType = sourcecode.swift; path = RegisterUserVIew.swift; sourceTree = "<group>"; };
		FBD9D0A22ADBE4A20031927A /* RegisterOrganizationView.swift */ = {isa = PBXFileReference; lastKnownFileType = sourcecode.swift; path = RegisterOrganizationView.swift; sourceTree = "<group>"; };
		FBD9D0A42ADBE4E40031927A /* LoginView.swift */ = {isa = PBXFileReference; lastKnownFileType = sourcecode.swift; path = LoginView.swift; sourceTree = "<group>"; };
		FBD9D0A62ADDDEB10031927A /* User.swift */ = {isa = PBXFileReference; lastKnownFileType = sourcecode.swift; path = User.swift; sourceTree = "<group>"; };
		FBF6CE412AD68BA6007063D5 /* PostCommentView.swift */ = {isa = PBXFileReference; fileEncoding = 4; lastKnownFileType = sourcecode.swift; name = PostCommentView.swift; path = ../../../../Downloads/PostCommentView.swift; sourceTree = "<group>"; };
		FBF6CE432AD7262D007063D5 /* PublicationCommentsView.swift */ = {isa = PBXFileReference; lastKnownFileType = sourcecode.swift; path = PublicationCommentsView.swift; sourceTree = "<group>"; };
		FBF6CE452AD8A726007063D5 /* OrgMostLikedPubsView.swift */ = {isa = PBXFileReference; lastKnownFileType = sourcecode.swift; path = OrgMostLikedPubsView.swift; sourceTree = "<group>"; };
		FBF6CE472ADA7FC5007063D5 /* ImageProfileView.swift */ = {isa = PBXFileReference; lastKnownFileType = sourcecode.swift; path = ImageProfileView.swift; sourceTree = "<group>"; };
		FBF6CE492ADA7FDE007063D5 /* EditProfileView.swift */ = {isa = PBXFileReference; lastKnownFileType = sourcecode.swift; path = EditProfileView.swift; sourceTree = "<group>"; };
		FBF6CE4B2ADA7FFC007063D5 /* FollowView.swift */ = {isa = PBXFileReference; lastKnownFileType = sourcecode.swift; path = FollowView.swift; sourceTree = "<group>"; };
/* End PBXFileReference section */

/* Begin PBXFrameworksBuildPhase section */
		FB96BD162AB90CA80069DD90 /* Frameworks */ = {
			isa = PBXFrameworksBuildPhase;
			buildActionMask = 2147483647;
			files = (
				FB4FE4312AD496C80099C351 /* FirebaseMLModelDownloader in Frameworks */,
				FB4FE41F2AD496C80099C351 /* FirebaseDatabaseSwift in Frameworks */,
				FB4FE3E92AD496B10099C351 /* FirebaseDatabaseSwift in Frameworks */,
				FB4FE4152AD496C80099C351 /* FirebaseAppDistribution-Beta in Frameworks */,
				FB4FE4292AD496C80099C351 /* FirebaseFunctionsCombine-Community in Frameworks */,
				FB4FE3D32AD4941B0099C351 /* Kingfisher in Frameworks */,
				FB4FE4012AD496B10099C351 /* FirebasePerformance in Frameworks */,
				FB4FE4232AD496C80099C351 /* FirebaseFirestoreCombine-Community in Frameworks */,
				FB4FE4332AD496C80099C351 /* FirebaseMessaging in Frameworks */,
				FB4FE4372AD496C80099C351 /* FirebaseRemoteConfig in Frameworks */,
				FB4FE4192AD496C80099C351 /* FirebaseAuthCombine-Community in Frameworks */,
				FB4FE4032AD496B10099C351 /* FirebaseRemoteConfig in Frameworks */,
				FB4FE3D72AD496B10099C351 /* FirebaseAnalyticsOnDeviceConversion in Frameworks */,
				FB4FE3FB2AD496B10099C351 /* FirebaseInstallations in Frameworks */,
				FB4FE42B2AD496C80099C351 /* FirebaseInAppMessaging-Beta in Frameworks */,
				FB4FE3EF2AD496B10099C351 /* FirebaseFirestoreCombine-Community in Frameworks */,
				FB4FE3F92AD496B10099C351 /* FirebaseInAppMessagingSwift-Beta in Frameworks */,
				FB5537152ACF7FCD008553E4 /* SwiftyJSON in Frameworks */,
				FB4FE3FD2AD496B10099C351 /* FirebaseMLModelDownloader in Frameworks */,
				FB4FE42D2AD496C80099C351 /* FirebaseInAppMessagingSwift-Beta in Frameworks */,
				FB4FE3FF2AD496B10099C351 /* FirebaseMessaging in Frameworks */,
				FB4FE4112AD496C80099C351 /* FirebaseAnalyticsWithoutAdIdSupport in Frameworks */,
				FB4FE42F2AD496C80099C351 /* FirebaseInstallations in Frameworks */,
				FB4FE4172AD496C80099C351 /* FirebaseAuth in Frameworks */,
				FB4FE4272AD496C80099C351 /* FirebaseFunctions in Frameworks */,
				FB4FE43D2AD496C80099C351 /* FirebaseStorageCombine-Community in Frameworks */,
				FB4FE41D2AD496C80099C351 /* FirebaseDatabase in Frameworks */,
				FB4FE3F12AD496B10099C351 /* FirebaseFirestoreSwift in Frameworks */,
				FB4FE4392AD496C80099C351 /* FirebaseRemoteConfigSwift in Frameworks */,
				FB4FE3ED2AD496B10099C351 /* FirebaseFirestore in Frameworks */,
				FB4FE4212AD496C80099C351 /* FirebaseDynamicLinks in Frameworks */,
				FB4FE40D2AD496C80099C351 /* FirebaseAnalyticsOnDeviceConversion in Frameworks */,
				FB4FE3F32AD496B10099C351 /* FirebaseFunctions in Frameworks */,
				FB4FE4132AD496C80099C351 /* FirebaseAppCheck in Frameworks */,
				FB4FE3CE2AD48FED0099C351 /* FirebaseAppCheck in Frameworks */,
				FB4FE3D92AD496B10099C351 /* FirebaseAnalyticsSwift in Frameworks */,
				FB4FE3D52AD496B10099C351 /* FirebaseAnalytics in Frameworks */,
				D28A62AD2AC2596000D03286 /* Alamofire in Frameworks */,
				FB4FE3E32AD496B10099C351 /* FirebaseAuthCombine-Community in Frameworks */,
				FB4FE40F2AD496C80099C351 /* FirebaseAnalyticsSwift in Frameworks */,
				FB4FE3E12AD496B10099C351 /* FirebaseAuth in Frameworks */,
				FB4FE3F52AD496B10099C351 /* FirebaseFunctionsCombine-Community in Frameworks */,
				FB4FE4352AD496C80099C351 /* FirebasePerformance in Frameworks */,
				FB4FE3E52AD496B10099C351 /* FirebaseCrashlytics in Frameworks */,
				FB4FE3EB2AD496B10099C351 /* FirebaseDynamicLinks in Frameworks */,
				FB4FE4072AD496B10099C351 /* FirebaseStorage in Frameworks */,
				FB4FE4252AD496C80099C351 /* FirebaseFirestoreSwift in Frameworks */,
				FB4FE3F72AD496B10099C351 /* FirebaseInAppMessaging-Beta in Frameworks */,
				FB4FE4052AD496B10099C351 /* FirebaseRemoteConfigSwift in Frameworks */,
				FB4FE40B2AD496C80099C351 /* FirebaseAnalytics in Frameworks */,
				FB4FE3DF2AD496B10099C351 /* FirebaseAppDistribution-Beta in Frameworks */,
				FB4FE4092AD496B10099C351 /* FirebaseStorageCombine-Community in Frameworks */,
				FB4FE3DD2AD496B10099C351 /* FirebaseAppCheck in Frameworks */,
				FB4FE41B2AD496C80099C351 /* FirebaseCrashlytics in Frameworks */,
				FB4FE43B2AD496C80099C351 /* FirebaseStorage in Frameworks */,
				FB4FE3E72AD496B10099C351 /* FirebaseDatabase in Frameworks */,
				FB4FE3DB2AD496B10099C351 /* FirebaseAnalyticsWithoutAdIdSupport in Frameworks */,
			);
			runOnlyForDeploymentPostprocessing = 0;
		};
/* End PBXFrameworksBuildPhase section */

/* Begin PBXGroup section */
		FB96BD102AB90CA80069DD90 = {
			isa = PBXGroup;
			children = (
				FB4FE3CA2AD48F5B0099C351 /* GoogleService-Info.plist */,
				FB96BD2E2ABA5AA00069DD90 /* Model */,
				FB96BD1B2AB90CA80069DD90 /* ProyectoApp */,
				FB96BD1A2AB90CA80069DD90 /* Products */,
			);
			sourceTree = "<group>";
		};
		FB96BD1A2AB90CA80069DD90 /* Products */ = {
			isa = PBXGroup;
			children = (
				FB96BD192AB90CA80069DD90 /* ProyectoApp.app */,
			);
			name = Products;
			sourceTree = "<group>";
		};
		FB96BD1B2AB90CA80069DD90 /* ProyectoApp */ = {
			isa = PBXGroup;
			children = (
				FB96BD1E2AB90CA80069DD90 /* ContentView.swift */,
				FBD9D0932ADBE2B90031927A /* Register */,
				FBF6CE412AD68BA6007063D5 /* PostCommentView.swift */,
				FB96BD1C2AB90CA80069DD90 /* ProyectoAppApp.swift */,
				D28A629D2AC251A700D03286 /* TabView.swift */,
				FB55370D2AC65090008553E4 /* PublicationDetailView.swift */,
				FBF6CE432AD7262D007063D5 /* PublicationCommentsView.swift */,
				FB55370F2ACB9225008553E4 /* CommentView.swift */,
				FB96BD2A2AB90CB40069DD90 /* HomeView.swift */,
				D28A62992AC24E6500D03286 /* PostView.swift */,
				FB21CEA12ABA7CF100C8CD13 /* OrganizationsView.swift */,
				FBF6CE452AD8A726007063D5 /* OrgMostLikedPubsView.swift */,
				FB01510C2ADB4FA7007C9AC1 /* EditOrgaProfileView.swift */,
				FB01510E2ADB4FB7007C9AC1 /* Followers.swift */,
				FB0151102ADB4FC4007C9AC1 /* AboutUs.swift */,
				FB21CE9F2ABA7C7C00C8CD13 /* FeedView.swift */,
				FB96BD2C2AB91C7F0069DD90 /* PublicationView.swift */,
				D28A629F2AC251C000D03286 /* Enums.swift */,
				D28A62A12AC251C500D03286 /* TabItem.swift */,
				D28A62A32AC251CB00D03286 /* Item.swift */,
				D28A62A52AC253F300D03286 /* CircleImage.swift */,
				D28A62A72AC253FE00D03286 /* MapView.swift */,
				FB96BD202AB90CAA0069DD90 /* Assets.xcassets */,
				FB96BD222AB90CAA0069DD90 /* Preview Content */,
				FB21CE9D2ABA777F00C8CD13 /* ProfileView.swift */,
				D28A62A92AC2540400D03286 /* OrgaProfileView.swift */,
				FBF6CE472ADA7FC5007063D5 /* ImageProfileView.swift */,
				FBF6CE492ADA7FDE007063D5 /* EditProfileView.swift */,
				FBF6CE4B2ADA7FFC007063D5 /* FollowView.swift */,
				FBD9D0962ADBE2DD0031927A /* BackgorundView.swift */,
			);
			path = ProyectoApp;
			sourceTree = "<group>";
		};
		FB96BD222AB90CAA0069DD90 /* Preview Content */ = {
			isa = PBXGroup;
			children = (
				FB96BD232AB90CAA0069DD90 /* Preview Assets.xcassets */,
			);
			path = "Preview Content";
			sourceTree = "<group>";
		};
		FB96BD2E2ABA5AA00069DD90 /* Model */ = {
			isa = PBXGroup;
			children = (
				FB96BD2F2ABA5AB20069DD90 /* PublicationModel.swift */,
				FB4FE4432AD6253A0099C351 /* UserModel.swift */,
				FB4FE43E2AD4CCAD0099C351 /* CommentModel.swift */,
				D2A54C402ABA8D7900C28471 /* OrganizationsModel.swift */,
				FB4FE3CF2AD490FC0099C351 /* Organization.swift */,
				FBD9D0A62ADDDEB10031927A /* User.swift */,
				FB5537112ACF7D97008553E4 /* Publication.swift */,
			);
			path = Model;
			sourceTree = "<group>";
		};
		FBD9D0932ADBE2B90031927A /* Register */ = {
			isa = PBXGroup;
			children = (
				FBD9D09D2ADBE3C50031927A /* Organization */,
				FBD9D09A2ADBE3980031927A /* User */,
				FBD9D0942ADBE2C80031927A /* RegisterView.swift */,
				FBD9D0982ADBE3220031927A /* PickRoleView.swift */,
				FBD9D0A42ADBE4E40031927A /* LoginView.swift */,
			);
			path = Register;
			sourceTree = "<group>";
		};
		FBD9D09A2ADBE3980031927A /* User */ = {
			isa = PBXGroup;
			children = (
				FBD9D09B2ADBE3AE0031927A /* TagUser.swift */,
				FBD9D0A02ADBE48B0031927A /* RegisterUserVIew.swift */,
			);
			path = User;
			sourceTree = "<group>";
		};
		FBD9D09D2ADBE3C50031927A /* Organization */ = {
			isa = PBXGroup;
			children = (
				FBD9D09E2ADBE4230031927A /* TagOrganization.swift */,
				FBD9D0A22ADBE4A20031927A /* RegisterOrganizationView.swift */,
			);
			path = Organization;
			sourceTree = "<group>";
		};
/* End PBXGroup section */

/* Begin PBXNativeTarget section */
		FB96BD182AB90CA80069DD90 /* ProyectoApp */ = {
			isa = PBXNativeTarget;
			buildConfigurationList = FB96BD272AB90CAA0069DD90 /* Build configuration list for PBXNativeTarget "ProyectoApp" */;
			buildPhases = (
				FB96BD152AB90CA80069DD90 /* Sources */,
				FB96BD162AB90CA80069DD90 /* Frameworks */,
				FB96BD172AB90CA80069DD90 /* Resources */,
			);
			buildRules = (
			);
			dependencies = (
			);
			name = ProyectoApp;
			packageProductDependencies = (
				D28A62AC2AC2596000D03286 /* Alamofire */,
				FB5537142ACF7FCD008553E4 /* SwiftyJSON */,
				FB4FE3CD2AD48FED0099C351 /* FirebaseAppCheck */,
				FB4FE3D22AD4941B0099C351 /* Kingfisher */,
				FB4FE3D42AD496B10099C351 /* FirebaseAnalytics */,
				FB4FE3D62AD496B10099C351 /* FirebaseAnalyticsOnDeviceConversion */,
				FB4FE3D82AD496B10099C351 /* FirebaseAnalyticsSwift */,
				FB4FE3DA2AD496B10099C351 /* FirebaseAnalyticsWithoutAdIdSupport */,
				FB4FE3DC2AD496B10099C351 /* FirebaseAppCheck */,
				FB4FE3DE2AD496B10099C351 /* FirebaseAppDistribution-Beta */,
				FB4FE3E02AD496B10099C351 /* FirebaseAuth */,
				FB4FE3E22AD496B10099C351 /* FirebaseAuthCombine-Community */,
				FB4FE3E42AD496B10099C351 /* FirebaseCrashlytics */,
				FB4FE3E62AD496B10099C351 /* FirebaseDatabase */,
				FB4FE3E82AD496B10099C351 /* FirebaseDatabaseSwift */,
				FB4FE3EA2AD496B10099C351 /* FirebaseDynamicLinks */,
				FB4FE3EC2AD496B10099C351 /* FirebaseFirestore */,
				FB4FE3EE2AD496B10099C351 /* FirebaseFirestoreCombine-Community */,
				FB4FE3F02AD496B10099C351 /* FirebaseFirestoreSwift */,
				FB4FE3F22AD496B10099C351 /* FirebaseFunctions */,
				FB4FE3F42AD496B10099C351 /* FirebaseFunctionsCombine-Community */,
				FB4FE3F62AD496B10099C351 /* FirebaseInAppMessaging-Beta */,
				FB4FE3F82AD496B10099C351 /* FirebaseInAppMessagingSwift-Beta */,
				FB4FE3FA2AD496B10099C351 /* FirebaseInstallations */,
				FB4FE3FC2AD496B10099C351 /* FirebaseMLModelDownloader */,
				FB4FE3FE2AD496B10099C351 /* FirebaseMessaging */,
				FB4FE4002AD496B10099C351 /* FirebasePerformance */,
				FB4FE4022AD496B10099C351 /* FirebaseRemoteConfig */,
				FB4FE4042AD496B10099C351 /* FirebaseRemoteConfigSwift */,
				FB4FE4062AD496B10099C351 /* FirebaseStorage */,
				FB4FE4082AD496B10099C351 /* FirebaseStorageCombine-Community */,
				FB4FE40A2AD496C80099C351 /* FirebaseAnalytics */,
				FB4FE40C2AD496C80099C351 /* FirebaseAnalyticsOnDeviceConversion */,
				FB4FE40E2AD496C80099C351 /* FirebaseAnalyticsSwift */,
				FB4FE4102AD496C80099C351 /* FirebaseAnalyticsWithoutAdIdSupport */,
				FB4FE4122AD496C80099C351 /* FirebaseAppCheck */,
				FB4FE4142AD496C80099C351 /* FirebaseAppDistribution-Beta */,
				FB4FE4162AD496C80099C351 /* FirebaseAuth */,
				FB4FE4182AD496C80099C351 /* FirebaseAuthCombine-Community */,
				FB4FE41A2AD496C80099C351 /* FirebaseCrashlytics */,
				FB4FE41C2AD496C80099C351 /* FirebaseDatabase */,
				FB4FE41E2AD496C80099C351 /* FirebaseDatabaseSwift */,
				FB4FE4202AD496C80099C351 /* FirebaseDynamicLinks */,
				FB4FE4222AD496C80099C351 /* FirebaseFirestoreCombine-Community */,
				FB4FE4242AD496C80099C351 /* FirebaseFirestoreSwift */,
				FB4FE4262AD496C80099C351 /* FirebaseFunctions */,
				FB4FE4282AD496C80099C351 /* FirebaseFunctionsCombine-Community */,
				FB4FE42A2AD496C80099C351 /* FirebaseInAppMessaging-Beta */,
				FB4FE42C2AD496C80099C351 /* FirebaseInAppMessagingSwift-Beta */,
				FB4FE42E2AD496C80099C351 /* FirebaseInstallations */,
				FB4FE4302AD496C80099C351 /* FirebaseMLModelDownloader */,
				FB4FE4322AD496C80099C351 /* FirebaseMessaging */,
				FB4FE4342AD496C80099C351 /* FirebasePerformance */,
				FB4FE4362AD496C80099C351 /* FirebaseRemoteConfig */,
				FB4FE4382AD496C80099C351 /* FirebaseRemoteConfigSwift */,
				FB4FE43A2AD496C80099C351 /* FirebaseStorage */,
				FB4FE43C2AD496C80099C351 /* FirebaseStorageCombine-Community */,
			);
			productName = ProyectoApp;
			productReference = FB96BD192AB90CA80069DD90 /* ProyectoApp.app */;
			productType = "com.apple.product-type.application";
		};
/* End PBXNativeTarget section */

/* Begin PBXProject section */
		FB96BD112AB90CA80069DD90 /* Project object */ = {
			isa = PBXProject;
			attributes = {
				BuildIndependentTargetsInParallel = 1;
				LastSwiftUpdateCheck = 1500;
				LastUpgradeCheck = 1500;
				TargetAttributes = {
					FB96BD182AB90CA80069DD90 = {
						CreatedOnToolsVersion = 15.0;
					};
				};
			};
			buildConfigurationList = FB96BD142AB90CA80069DD90 /* Build configuration list for PBXProject "ProyectoApp" */;
			compatibilityVersion = "Xcode 14.0";
			developmentRegion = en;
			hasScannedForEncodings = 0;
			knownRegions = (
				en,
				Base,
			);
			mainGroup = FB96BD102AB90CA80069DD90;
			packageReferences = (
				D28A62AB2AC2596000D03286 /* XCRemoteSwiftPackageReference "Alamofire" */,
				FB5537132ACF7FCD008553E4 /* XCRemoteSwiftPackageReference "SwiftyJSON" */,
				FB4FE3CC2AD48FED0099C351 /* XCRemoteSwiftPackageReference "firebase-ios-sdk" */,
				FB4FE3D12AD4941B0099C351 /* XCRemoteSwiftPackageReference "Kingfisher" */,
			);
			productRefGroup = FB96BD1A2AB90CA80069DD90 /* Products */;
			projectDirPath = "";
			projectRoot = "";
			targets = (
				FB96BD182AB90CA80069DD90 /* ProyectoApp */,
			);
		};
/* End PBXProject section */

/* Begin PBXResourcesBuildPhase section */
		FB96BD172AB90CA80069DD90 /* Resources */ = {
			isa = PBXResourcesBuildPhase;
			buildActionMask = 2147483647;
			files = (
				FB96BD242AB90CAA0069DD90 /* Preview Assets.xcassets in Resources */,
				FB96BD212AB90CAA0069DD90 /* Assets.xcassets in Resources */,
				FB4FE3CB2AD48F5B0099C351 /* GoogleService-Info.plist in Resources */,
			);
			runOnlyForDeploymentPostprocessing = 0;
		};
/* End PBXResourcesBuildPhase section */

/* Begin PBXSourcesBuildPhase section */
		FB96BD152AB90CA80069DD90 /* Sources */ = {
			isa = PBXSourcesBuildPhase;
			buildActionMask = 2147483647;
			files = (
				FBD9D0952ADBE2C80031927A /* RegisterView.swift in Sources */,
				FB21CEA02ABA7C7C00C8CD13 /* FeedView.swift in Sources */,
				D28A62A82AC253FE00D03286 /* MapView.swift in Sources */,
				FB5537122ACF7D97008553E4 /* Publication.swift in Sources */,
				FBD9D0A12ADBE48B0031927A /* RegisterUserVIew.swift in Sources */,
				FBD9D0972ADBE2DD0031927A /* BackgorundView.swift in Sources */,
				FB01510D2ADB4FA7007C9AC1 /* EditOrgaProfileView.swift in Sources */,
				FB4FE4442AD6253A0099C351 /* UserModel.swift in Sources */,
				D2A54C412ABA8D7900C28471 /* OrganizationsModel.swift in Sources */,
				D28A62AA2AC2540400D03286 /* OrgaProfileView.swift in Sources */,
				FB96BD302ABA5AB20069DD90 /* PublicationModel.swift in Sources */,
				FB96BD2B2AB90CB40069DD90 /* HomeView.swift in Sources */,
				FB96BD2D2AB91C7F0069DD90 /* PublicationView.swift in Sources */,
				FB96BD1F2AB90CA80069DD90 /* ContentView.swift in Sources */,
				FBF6CE442AD7262D007063D5 /* PublicationCommentsView.swift in Sources */,
				FB21CEA22ABA7CF100C8CD13 /* OrganizationsView.swift in Sources */,
				D28A62A02AC251C000D03286 /* Enums.swift in Sources */,
				FB21CE9E2ABA777F00C8CD13 /* ProfileView.swift in Sources */,
				FBD9D0A72ADDDEB10031927A /* User.swift in Sources */,
				FBF6CE4C2ADA7FFC007063D5 /* FollowView.swift in Sources */,
				D28A629A2AC24E6500D03286 /* PostView.swift in Sources */,
				FBD9D0A32ADBE4A20031927A /* RegisterOrganizationView.swift in Sources */,
				FB55370E2AC65091008553E4 /* PublicationDetailView.swift in Sources */,
				FBF6CE4A2ADA7FDE007063D5 /* EditProfileView.swift in Sources */,
				D28A62A42AC251CB00D03286 /* Item.swift in Sources */,
				FBF6CE422AD68BA6007063D5 /* PostCommentView.swift in Sources */,
				FB0151112ADB4FC4007C9AC1 /* AboutUs.swift in Sources */,
				FB5537102ACB9225008553E4 /* CommentView.swift in Sources */,
				D28A62A22AC251C500D03286 /* TabItem.swift in Sources */,
				FB96BD1D2AB90CA80069DD90 /* ProyectoAppApp.swift in Sources */,
				FBD9D09C2ADBE3AE0031927A /* TagUser.swift in Sources */,
				D28A629E2AC251A700D03286 /* TabView.swift in Sources */,
				FBD9D09F2ADBE4230031927A /* TagOrganization.swift in Sources */,
				FB4FE43F2AD4CCAD0099C351 /* CommentModel.swift in Sources */,
				FB4FE3D02AD490FC0099C351 /* Organization.swift in Sources */,
				FBF6CE482ADA7FC5007063D5 /* ImageProfileView.swift in Sources */,
				FBF6CE462AD8A726007063D5 /* OrgMostLikedPubsView.swift in Sources */,
				D28A62A62AC253F300D03286 /* CircleImage.swift in Sources */,
				FB01510F2ADB4FB7007C9AC1 /* Followers.swift in Sources */,
				FBD9D0A52ADBE4E40031927A /* LoginView.swift in Sources */,
				FBD9D0992ADBE3220031927A /* PickRoleView.swift in Sources */,
			);
			runOnlyForDeploymentPostprocessing = 0;
		};
/* End PBXSourcesBuildPhase section */

/* Begin XCBuildConfiguration section */
		FB96BD252AB90CAA0069DD90 /* Debug */ = {
			isa = XCBuildConfiguration;
			buildSettings = {
				ALWAYS_SEARCH_USER_PATHS = NO;
				ASSETCATALOG_COMPILER_GENERATE_SWIFT_ASSET_SYMBOL_EXTENSIONS = YES;
				CLANG_ANALYZER_NONNULL = YES;
				CLANG_ANALYZER_NUMBER_OBJECT_CONVERSION = YES_AGGRESSIVE;
				CLANG_CXX_LANGUAGE_STANDARD = "gnu++20";
				CLANG_ENABLE_MODULES = YES;
				CLANG_ENABLE_OBJC_ARC = YES;
				CLANG_ENABLE_OBJC_WEAK = YES;
				CLANG_WARN_BLOCK_CAPTURE_AUTORELEASING = YES;
				CLANG_WARN_BOOL_CONVERSION = YES;
				CLANG_WARN_COMMA = YES;
				CLANG_WARN_CONSTANT_CONVERSION = YES;
				CLANG_WARN_DEPRECATED_OBJC_IMPLEMENTATIONS = YES;
				CLANG_WARN_DIRECT_OBJC_ISA_USAGE = YES_ERROR;
				CLANG_WARN_DOCUMENTATION_COMMENTS = YES;
				CLANG_WARN_EMPTY_BODY = YES;
				CLANG_WARN_ENUM_CONVERSION = YES;
				CLANG_WARN_INFINITE_RECURSION = YES;
				CLANG_WARN_INT_CONVERSION = YES;
				CLANG_WARN_NON_LITERAL_NULL_CONVERSION = YES;
				CLANG_WARN_OBJC_IMPLICIT_RETAIN_SELF = YES;
				CLANG_WARN_OBJC_LITERAL_CONVERSION = YES;
				CLANG_WARN_OBJC_ROOT_CLASS = YES_ERROR;
				CLANG_WARN_QUOTED_INCLUDE_IN_FRAMEWORK_HEADER = YES;
				CLANG_WARN_RANGE_LOOP_ANALYSIS = YES;
				CLANG_WARN_STRICT_PROTOTYPES = YES;
				CLANG_WARN_SUSPICIOUS_MOVE = YES;
				CLANG_WARN_UNGUARDED_AVAILABILITY = YES_AGGRESSIVE;
				CLANG_WARN_UNREACHABLE_CODE = YES;
				CLANG_WARN__DUPLICATE_METHOD_MATCH = YES;
				COPY_PHASE_STRIP = NO;
				DEBUG_INFORMATION_FORMAT = dwarf;
				ENABLE_STRICT_OBJC_MSGSEND = YES;
				ENABLE_TESTABILITY = YES;
				ENABLE_USER_SCRIPT_SANDBOXING = YES;
				GCC_C_LANGUAGE_STANDARD = gnu17;
				GCC_DYNAMIC_NO_PIC = NO;
				GCC_NO_COMMON_BLOCKS = YES;
				GCC_OPTIMIZATION_LEVEL = 0;
				GCC_PREPROCESSOR_DEFINITIONS = (
					"DEBUG=1",
					"$(inherited)",
				);
				GCC_WARN_64_TO_32_BIT_CONVERSION = YES;
				GCC_WARN_ABOUT_RETURN_TYPE = YES_ERROR;
				GCC_WARN_UNDECLARED_SELECTOR = YES;
				GCC_WARN_UNINITIALIZED_AUTOS = YES_AGGRESSIVE;
				GCC_WARN_UNUSED_FUNCTION = YES;
				GCC_WARN_UNUSED_VARIABLE = YES;
				IPHONEOS_DEPLOYMENT_TARGET = 17.0;
				LOCALIZATION_PREFERS_STRING_CATALOGS = YES;
				MTL_ENABLE_DEBUG_INFO = INCLUDE_SOURCE;
				MTL_FAST_MATH = YES;
				ONLY_ACTIVE_ARCH = YES;
				SDKROOT = iphoneos;
				SWIFT_ACTIVE_COMPILATION_CONDITIONS = "DEBUG $(inherited)";
				SWIFT_OPTIMIZATION_LEVEL = "-Onone";
			};
			name = Debug;
		};
		FB96BD262AB90CAA0069DD90 /* Release */ = {
			isa = XCBuildConfiguration;
			buildSettings = {
				ALWAYS_SEARCH_USER_PATHS = NO;
				ASSETCATALOG_COMPILER_GENERATE_SWIFT_ASSET_SYMBOL_EXTENSIONS = YES;
				CLANG_ANALYZER_NONNULL = YES;
				CLANG_ANALYZER_NUMBER_OBJECT_CONVERSION = YES_AGGRESSIVE;
				CLANG_CXX_LANGUAGE_STANDARD = "gnu++20";
				CLANG_ENABLE_MODULES = YES;
				CLANG_ENABLE_OBJC_ARC = YES;
				CLANG_ENABLE_OBJC_WEAK = YES;
				CLANG_WARN_BLOCK_CAPTURE_AUTORELEASING = YES;
				CLANG_WARN_BOOL_CONVERSION = YES;
				CLANG_WARN_COMMA = YES;
				CLANG_WARN_CONSTANT_CONVERSION = YES;
				CLANG_WARN_DEPRECATED_OBJC_IMPLEMENTATIONS = YES;
				CLANG_WARN_DIRECT_OBJC_ISA_USAGE = YES_ERROR;
				CLANG_WARN_DOCUMENTATION_COMMENTS = YES;
				CLANG_WARN_EMPTY_BODY = YES;
				CLANG_WARN_ENUM_CONVERSION = YES;
				CLANG_WARN_INFINITE_RECURSION = YES;
				CLANG_WARN_INT_CONVERSION = YES;
				CLANG_WARN_NON_LITERAL_NULL_CONVERSION = YES;
				CLANG_WARN_OBJC_IMPLICIT_RETAIN_SELF = YES;
				CLANG_WARN_OBJC_LITERAL_CONVERSION = YES;
				CLANG_WARN_OBJC_ROOT_CLASS = YES_ERROR;
				CLANG_WARN_QUOTED_INCLUDE_IN_FRAMEWORK_HEADER = YES;
				CLANG_WARN_RANGE_LOOP_ANALYSIS = YES;
				CLANG_WARN_STRICT_PROTOTYPES = YES;
				CLANG_WARN_SUSPICIOUS_MOVE = YES;
				CLANG_WARN_UNGUARDED_AVAILABILITY = YES_AGGRESSIVE;
				CLANG_WARN_UNREACHABLE_CODE = YES;
				CLANG_WARN__DUPLICATE_METHOD_MATCH = YES;
				COPY_PHASE_STRIP = NO;
				DEBUG_INFORMATION_FORMAT = "dwarf-with-dsym";
				ENABLE_NS_ASSERTIONS = NO;
				ENABLE_STRICT_OBJC_MSGSEND = YES;
				ENABLE_USER_SCRIPT_SANDBOXING = YES;
				GCC_C_LANGUAGE_STANDARD = gnu17;
				GCC_NO_COMMON_BLOCKS = YES;
				GCC_WARN_64_TO_32_BIT_CONVERSION = YES;
				GCC_WARN_ABOUT_RETURN_TYPE = YES_ERROR;
				GCC_WARN_UNDECLARED_SELECTOR = YES;
				GCC_WARN_UNINITIALIZED_AUTOS = YES_AGGRESSIVE;
				GCC_WARN_UNUSED_FUNCTION = YES;
				GCC_WARN_UNUSED_VARIABLE = YES;
				IPHONEOS_DEPLOYMENT_TARGET = 17.0;
				LOCALIZATION_PREFERS_STRING_CATALOGS = YES;
				MTL_ENABLE_DEBUG_INFO = NO;
				MTL_FAST_MATH = YES;
				SDKROOT = iphoneos;
				SWIFT_COMPILATION_MODE = wholemodule;
				VALIDATE_PRODUCT = YES;
			};
			name = Release;
		};
		FB96BD282AB90CAA0069DD90 /* Debug */ = {
			isa = XCBuildConfiguration;
			buildSettings = {
				ASSETCATALOG_COMPILER_APPICON_NAME = AppIcon;
				ASSETCATALOG_COMPILER_GLOBAL_ACCENT_COLOR_NAME = AccentColor;
				CODE_SIGN_STYLE = Automatic;
				CURRENT_PROJECT_VERSION = 1;
				DEVELOPMENT_ASSET_PATHS = "\"ProyectoApp/Preview Content\"";
				DEVELOPMENT_TEAM = Q4L5GLAD5L;
				ENABLE_PREVIEWS = YES;
				GENERATE_INFOPLIST_FILE = YES;
				INFOPLIST_KEY_UIApplicationSceneManifest_Generation = YES;
				INFOPLIST_KEY_UIApplicationSupportsIndirectInputEvents = YES;
				INFOPLIST_KEY_UILaunchScreen_Generation = YES;
				INFOPLIST_KEY_UISupportedInterfaceOrientations_iPad = "UIInterfaceOrientationPortrait UIInterfaceOrientationPortraitUpsideDown UIInterfaceOrientationLandscapeLeft UIInterfaceOrientationLandscapeRight";
				INFOPLIST_KEY_UISupportedInterfaceOrientations_iPhone = "UIInterfaceOrientationPortrait UIInterfaceOrientationLandscapeLeft UIInterfaceOrientationLandscapeRight";
				LD_RUNPATH_SEARCH_PATHS = (
					"$(inherited)",
					"@executable_path/Frameworks",
				);
				MARKETING_VERSION = 1.0;
				PRODUCT_BUNDLE_IDENTIFIER = mx.tec.ProyectoApp;
				PRODUCT_NAME = "$(TARGET_NAME)";
				SWIFT_EMIT_LOC_STRINGS = YES;
				SWIFT_VERSION = 5.0;
				TARGETED_DEVICE_FAMILY = "1,2";
			};
			name = Debug;
		};
		FB96BD292AB90CAA0069DD90 /* Release */ = {
			isa = XCBuildConfiguration;
			buildSettings = {
				ASSETCATALOG_COMPILER_APPICON_NAME = AppIcon;
				ASSETCATALOG_COMPILER_GLOBAL_ACCENT_COLOR_NAME = AccentColor;
				CODE_SIGN_STYLE = Automatic;
				CURRENT_PROJECT_VERSION = 1;
				DEVELOPMENT_ASSET_PATHS = "\"ProyectoApp/Preview Content\"";
				DEVELOPMENT_TEAM = Q4L5GLAD5L;
				ENABLE_PREVIEWS = YES;
				GENERATE_INFOPLIST_FILE = YES;
				INFOPLIST_KEY_UIApplicationSceneManifest_Generation = YES;
				INFOPLIST_KEY_UIApplicationSupportsIndirectInputEvents = YES;
				INFOPLIST_KEY_UILaunchScreen_Generation = YES;
				INFOPLIST_KEY_UISupportedInterfaceOrientations_iPad = "UIInterfaceOrientationPortrait UIInterfaceOrientationPortraitUpsideDown UIInterfaceOrientationLandscapeLeft UIInterfaceOrientationLandscapeRight";
				INFOPLIST_KEY_UISupportedInterfaceOrientations_iPhone = "UIInterfaceOrientationPortrait UIInterfaceOrientationLandscapeLeft UIInterfaceOrientationLandscapeRight";
				LD_RUNPATH_SEARCH_PATHS = (
					"$(inherited)",
					"@executable_path/Frameworks",
				);
				MARKETING_VERSION = 1.0;
				PRODUCT_BUNDLE_IDENTIFIER = mx.tec.ProyectoApp;
				PRODUCT_NAME = "$(TARGET_NAME)";
				SWIFT_EMIT_LOC_STRINGS = YES;
				SWIFT_VERSION = 5.0;
				TARGETED_DEVICE_FAMILY = "1,2";
			};
			name = Release;
		};
/* End XCBuildConfiguration section */

/* Begin XCConfigurationList section */
		FB96BD142AB90CA80069DD90 /* Build configuration list for PBXProject "ProyectoApp" */ = {
			isa = XCConfigurationList;
			buildConfigurations = (
				FB96BD252AB90CAA0069DD90 /* Debug */,
				FB96BD262AB90CAA0069DD90 /* Release */,
			);
			defaultConfigurationIsVisible = 0;
			defaultConfigurationName = Release;
		};
		FB96BD272AB90CAA0069DD90 /* Build configuration list for PBXNativeTarget "ProyectoApp" */ = {
			isa = XCConfigurationList;
			buildConfigurations = (
				FB96BD282AB90CAA0069DD90 /* Debug */,
				FB96BD292AB90CAA0069DD90 /* Release */,
			);
			defaultConfigurationIsVisible = 0;
			defaultConfigurationName = Release;
		};
/* End XCConfigurationList section */

/* Begin XCRemoteSwiftPackageReference section */
		D28A62AB2AC2596000D03286 /* XCRemoteSwiftPackageReference "Alamofire" */ = {
			isa = XCRemoteSwiftPackageReference;
			repositoryURL = "https://github.com/Alamofire/Alamofire.git";
			requirement = {
				kind = upToNextMajorVersion;
				minimumVersion = 5.8.0;
			};
		};
		FB4FE3CC2AD48FED0099C351 /* XCRemoteSwiftPackageReference "firebase-ios-sdk" */ = {
			isa = XCRemoteSwiftPackageReference;
			repositoryURL = "https://github.com/firebase/firebase-ios-sdk";
			requirement = {
				kind = upToNextMajorVersion;
				minimumVersion = 10.16.0;
			};
		};
		FB4FE3D12AD4941B0099C351 /* XCRemoteSwiftPackageReference "Kingfisher" */ = {
			isa = XCRemoteSwiftPackageReference;
			repositoryURL = "https://github.com/onevcat/Kingfisher.git";
			requirement = {
				kind = upToNextMajorVersion;
				minimumVersion = 7.9.1;
			};
		};
		FB5537132ACF7FCD008553E4 /* XCRemoteSwiftPackageReference "SwiftyJSON" */ = {
			isa = XCRemoteSwiftPackageReference;
			repositoryURL = "https://github.com/SwiftyJSON/SwiftyJSON.git";
			requirement = {
				kind = upToNextMajorVersion;
				minimumVersion = 5.0.1;
			};
		};
/* End XCRemoteSwiftPackageReference section */

/* Begin XCSwiftPackageProductDependency section */
		D28A62AC2AC2596000D03286 /* Alamofire */ = {
			isa = XCSwiftPackageProductDependency;
			package = D28A62AB2AC2596000D03286 /* XCRemoteSwiftPackageReference "Alamofire" */;
			productName = Alamofire;
		};
		FB4FE3CD2AD48FED0099C351 /* FirebaseAppCheck */ = {
			isa = XCSwiftPackageProductDependency;
			package = FB4FE3CC2AD48FED0099C351 /* XCRemoteSwiftPackageReference "firebase-ios-sdk" */;
			productName = FirebaseAppCheck;
		};
		FB4FE3D22AD4941B0099C351 /* Kingfisher */ = {
			isa = XCSwiftPackageProductDependency;
			package = FB4FE3D12AD4941B0099C351 /* XCRemoteSwiftPackageReference "Kingfisher" */;
			productName = Kingfisher;
		};
		FB4FE3D42AD496B10099C351 /* FirebaseAnalytics */ = {
			isa = XCSwiftPackageProductDependency;
			package = FB4FE3CC2AD48FED0099C351 /* XCRemoteSwiftPackageReference "firebase-ios-sdk" */;
			productName = FirebaseAnalytics;
		};
		FB4FE3D62AD496B10099C351 /* FirebaseAnalyticsOnDeviceConversion */ = {
			isa = XCSwiftPackageProductDependency;
			package = FB4FE3CC2AD48FED0099C351 /* XCRemoteSwiftPackageReference "firebase-ios-sdk" */;
			productName = FirebaseAnalyticsOnDeviceConversion;
		};
		FB4FE3D82AD496B10099C351 /* FirebaseAnalyticsSwift */ = {
			isa = XCSwiftPackageProductDependency;
			package = FB4FE3CC2AD48FED0099C351 /* XCRemoteSwiftPackageReference "firebase-ios-sdk" */;
			productName = FirebaseAnalyticsSwift;
		};
		FB4FE3DA2AD496B10099C351 /* FirebaseAnalyticsWithoutAdIdSupport */ = {
			isa = XCSwiftPackageProductDependency;
			package = FB4FE3CC2AD48FED0099C351 /* XCRemoteSwiftPackageReference "firebase-ios-sdk" */;
			productName = FirebaseAnalyticsWithoutAdIdSupport;
		};
		FB4FE3DC2AD496B10099C351 /* FirebaseAppCheck */ = {
			isa = XCSwiftPackageProductDependency;
			package = FB4FE3CC2AD48FED0099C351 /* XCRemoteSwiftPackageReference "firebase-ios-sdk" */;
			productName = FirebaseAppCheck;
		};
		FB4FE3DE2AD496B10099C351 /* FirebaseAppDistribution-Beta */ = {
			isa = XCSwiftPackageProductDependency;
			package = FB4FE3CC2AD48FED0099C351 /* XCRemoteSwiftPackageReference "firebase-ios-sdk" */;
			productName = "FirebaseAppDistribution-Beta";
		};
		FB4FE3E02AD496B10099C351 /* FirebaseAuth */ = {
			isa = XCSwiftPackageProductDependency;
			package = FB4FE3CC2AD48FED0099C351 /* XCRemoteSwiftPackageReference "firebase-ios-sdk" */;
			productName = FirebaseAuth;
		};
		FB4FE3E22AD496B10099C351 /* FirebaseAuthCombine-Community */ = {
			isa = XCSwiftPackageProductDependency;
			package = FB4FE3CC2AD48FED0099C351 /* XCRemoteSwiftPackageReference "firebase-ios-sdk" */;
			productName = "FirebaseAuthCombine-Community";
		};
		FB4FE3E42AD496B10099C351 /* FirebaseCrashlytics */ = {
			isa = XCSwiftPackageProductDependency;
			package = FB4FE3CC2AD48FED0099C351 /* XCRemoteSwiftPackageReference "firebase-ios-sdk" */;
			productName = FirebaseCrashlytics;
		};
		FB4FE3E62AD496B10099C351 /* FirebaseDatabase */ = {
			isa = XCSwiftPackageProductDependency;
			package = FB4FE3CC2AD48FED0099C351 /* XCRemoteSwiftPackageReference "firebase-ios-sdk" */;
			productName = FirebaseDatabase;
		};
		FB4FE3E82AD496B10099C351 /* FirebaseDatabaseSwift */ = {
			isa = XCSwiftPackageProductDependency;
			package = FB4FE3CC2AD48FED0099C351 /* XCRemoteSwiftPackageReference "firebase-ios-sdk" */;
			productName = FirebaseDatabaseSwift;
		};
		FB4FE3EA2AD496B10099C351 /* FirebaseDynamicLinks */ = {
			isa = XCSwiftPackageProductDependency;
			package = FB4FE3CC2AD48FED0099C351 /* XCRemoteSwiftPackageReference "firebase-ios-sdk" */;
			productName = FirebaseDynamicLinks;
		};
		FB4FE3EC2AD496B10099C351 /* FirebaseFirestore */ = {
			isa = XCSwiftPackageProductDependency;
			package = FB4FE3CC2AD48FED0099C351 /* XCRemoteSwiftPackageReference "firebase-ios-sdk" */;
			productName = FirebaseFirestore;
		};
		FB4FE3EE2AD496B10099C351 /* FirebaseFirestoreCombine-Community */ = {
			isa = XCSwiftPackageProductDependency;
			package = FB4FE3CC2AD48FED0099C351 /* XCRemoteSwiftPackageReference "firebase-ios-sdk" */;
			productName = "FirebaseFirestoreCombine-Community";
		};
		FB4FE3F02AD496B10099C351 /* FirebaseFirestoreSwift */ = {
			isa = XCSwiftPackageProductDependency;
			package = FB4FE3CC2AD48FED0099C351 /* XCRemoteSwiftPackageReference "firebase-ios-sdk" */;
			productName = FirebaseFirestoreSwift;
		};
		FB4FE3F22AD496B10099C351 /* FirebaseFunctions */ = {
			isa = XCSwiftPackageProductDependency;
			package = FB4FE3CC2AD48FED0099C351 /* XCRemoteSwiftPackageReference "firebase-ios-sdk" */;
			productName = FirebaseFunctions;
		};
		FB4FE3F42AD496B10099C351 /* FirebaseFunctionsCombine-Community */ = {
			isa = XCSwiftPackageProductDependency;
			package = FB4FE3CC2AD48FED0099C351 /* XCRemoteSwiftPackageReference "firebase-ios-sdk" */;
			productName = "FirebaseFunctionsCombine-Community";
		};
		FB4FE3F62AD496B10099C351 /* FirebaseInAppMessaging-Beta */ = {
			isa = XCSwiftPackageProductDependency;
			package = FB4FE3CC2AD48FED0099C351 /* XCRemoteSwiftPackageReference "firebase-ios-sdk" */;
			productName = "FirebaseInAppMessaging-Beta";
		};
		FB4FE3F82AD496B10099C351 /* FirebaseInAppMessagingSwift-Beta */ = {
			isa = XCSwiftPackageProductDependency;
			package = FB4FE3CC2AD48FED0099C351 /* XCRemoteSwiftPackageReference "firebase-ios-sdk" */;
			productName = "FirebaseInAppMessagingSwift-Beta";
		};
		FB4FE3FA2AD496B10099C351 /* FirebaseInstallations */ = {
			isa = XCSwiftPackageProductDependency;
			package = FB4FE3CC2AD48FED0099C351 /* XCRemoteSwiftPackageReference "firebase-ios-sdk" */;
			productName = FirebaseInstallations;
		};
		FB4FE3FC2AD496B10099C351 /* FirebaseMLModelDownloader */ = {
			isa = XCSwiftPackageProductDependency;
			package = FB4FE3CC2AD48FED0099C351 /* XCRemoteSwiftPackageReference "firebase-ios-sdk" */;
			productName = FirebaseMLModelDownloader;
		};
		FB4FE3FE2AD496B10099C351 /* FirebaseMessaging */ = {
			isa = XCSwiftPackageProductDependency;
			package = FB4FE3CC2AD48FED0099C351 /* XCRemoteSwiftPackageReference "firebase-ios-sdk" */;
			productName = FirebaseMessaging;
		};
		FB4FE4002AD496B10099C351 /* FirebasePerformance */ = {
			isa = XCSwiftPackageProductDependency;
			package = FB4FE3CC2AD48FED0099C351 /* XCRemoteSwiftPackageReference "firebase-ios-sdk" */;
			productName = FirebasePerformance;
		};
		FB4FE4022AD496B10099C351 /* FirebaseRemoteConfig */ = {
			isa = XCSwiftPackageProductDependency;
			package = FB4FE3CC2AD48FED0099C351 /* XCRemoteSwiftPackageReference "firebase-ios-sdk" */;
			productName = FirebaseRemoteConfig;
		};
		FB4FE4042AD496B10099C351 /* FirebaseRemoteConfigSwift */ = {
			isa = XCSwiftPackageProductDependency;
			package = FB4FE3CC2AD48FED0099C351 /* XCRemoteSwiftPackageReference "firebase-ios-sdk" */;
			productName = FirebaseRemoteConfigSwift;
		};
		FB4FE4062AD496B10099C351 /* FirebaseStorage */ = {
			isa = XCSwiftPackageProductDependency;
			package = FB4FE3CC2AD48FED0099C351 /* XCRemoteSwiftPackageReference "firebase-ios-sdk" */;
			productName = FirebaseStorage;
		};
		FB4FE4082AD496B10099C351 /* FirebaseStorageCombine-Community */ = {
			isa = XCSwiftPackageProductDependency;
			package = FB4FE3CC2AD48FED0099C351 /* XCRemoteSwiftPackageReference "firebase-ios-sdk" */;
			productName = "FirebaseStorageCombine-Community";
		};
		FB4FE40A2AD496C80099C351 /* FirebaseAnalytics */ = {
			isa = XCSwiftPackageProductDependency;
			package = FB4FE3CC2AD48FED0099C351 /* XCRemoteSwiftPackageReference "firebase-ios-sdk" */;
			productName = FirebaseAnalytics;
		};
		FB4FE40C2AD496C80099C351 /* FirebaseAnalyticsOnDeviceConversion */ = {
			isa = XCSwiftPackageProductDependency;
			package = FB4FE3CC2AD48FED0099C351 /* XCRemoteSwiftPackageReference "firebase-ios-sdk" */;
			productName = FirebaseAnalyticsOnDeviceConversion;
		};
		FB4FE40E2AD496C80099C351 /* FirebaseAnalyticsSwift */ = {
			isa = XCSwiftPackageProductDependency;
			package = FB4FE3CC2AD48FED0099C351 /* XCRemoteSwiftPackageReference "firebase-ios-sdk" */;
			productName = FirebaseAnalyticsSwift;
		};
		FB4FE4102AD496C80099C351 /* FirebaseAnalyticsWithoutAdIdSupport */ = {
			isa = XCSwiftPackageProductDependency;
			package = FB4FE3CC2AD48FED0099C351 /* XCRemoteSwiftPackageReference "firebase-ios-sdk" */;
			productName = FirebaseAnalyticsWithoutAdIdSupport;
		};
		FB4FE4122AD496C80099C351 /* FirebaseAppCheck */ = {
			isa = XCSwiftPackageProductDependency;
			package = FB4FE3CC2AD48FED0099C351 /* XCRemoteSwiftPackageReference "firebase-ios-sdk" */;
			productName = FirebaseAppCheck;
		};
		FB4FE4142AD496C80099C351 /* FirebaseAppDistribution-Beta */ = {
			isa = XCSwiftPackageProductDependency;
			package = FB4FE3CC2AD48FED0099C351 /* XCRemoteSwiftPackageReference "firebase-ios-sdk" */;
			productName = "FirebaseAppDistribution-Beta";
		};
		FB4FE4162AD496C80099C351 /* FirebaseAuth */ = {
			isa = XCSwiftPackageProductDependency;
			package = FB4FE3CC2AD48FED0099C351 /* XCRemoteSwiftPackageReference "firebase-ios-sdk" */;
			productName = FirebaseAuth;
		};
		FB4FE4182AD496C80099C351 /* FirebaseAuthCombine-Community */ = {
			isa = XCSwiftPackageProductDependency;
			package = FB4FE3CC2AD48FED0099C351 /* XCRemoteSwiftPackageReference "firebase-ios-sdk" */;
			productName = "FirebaseAuthCombine-Community";
		};
		FB4FE41A2AD496C80099C351 /* FirebaseCrashlytics */ = {
			isa = XCSwiftPackageProductDependency;
			package = FB4FE3CC2AD48FED0099C351 /* XCRemoteSwiftPackageReference "firebase-ios-sdk" */;
			productName = FirebaseCrashlytics;
		};
		FB4FE41C2AD496C80099C351 /* FirebaseDatabase */ = {
			isa = XCSwiftPackageProductDependency;
			package = FB4FE3CC2AD48FED0099C351 /* XCRemoteSwiftPackageReference "firebase-ios-sdk" */;
			productName = FirebaseDatabase;
		};
		FB4FE41E2AD496C80099C351 /* FirebaseDatabaseSwift */ = {
			isa = XCSwiftPackageProductDependency;
			package = FB4FE3CC2AD48FED0099C351 /* XCRemoteSwiftPackageReference "firebase-ios-sdk" */;
			productName = FirebaseDatabaseSwift;
		};
		FB4FE4202AD496C80099C351 /* FirebaseDynamicLinks */ = {
			isa = XCSwiftPackageProductDependency;
			package = FB4FE3CC2AD48FED0099C351 /* XCRemoteSwiftPackageReference "firebase-ios-sdk" */;
			productName = FirebaseDynamicLinks;
		};
		FB4FE4222AD496C80099C351 /* FirebaseFirestoreCombine-Community */ = {
			isa = XCSwiftPackageProductDependency;
			package = FB4FE3CC2AD48FED0099C351 /* XCRemoteSwiftPackageReference "firebase-ios-sdk" */;
			productName = "FirebaseFirestoreCombine-Community";
		};
		FB4FE4242AD496C80099C351 /* FirebaseFirestoreSwift */ = {
			isa = XCSwiftPackageProductDependency;
			package = FB4FE3CC2AD48FED0099C351 /* XCRemoteSwiftPackageReference "firebase-ios-sdk" */;
			productName = FirebaseFirestoreSwift;
		};
		FB4FE4262AD496C80099C351 /* FirebaseFunctions */ = {
			isa = XCSwiftPackageProductDependency;
			package = FB4FE3CC2AD48FED0099C351 /* XCRemoteSwiftPackageReference "firebase-ios-sdk" */;
			productName = FirebaseFunctions;
		};
		FB4FE4282AD496C80099C351 /* FirebaseFunctionsCombine-Community */ = {
			isa = XCSwiftPackageProductDependency;
			package = FB4FE3CC2AD48FED0099C351 /* XCRemoteSwiftPackageReference "firebase-ios-sdk" */;
			productName = "FirebaseFunctionsCombine-Community";
		};
		FB4FE42A2AD496C80099C351 /* FirebaseInAppMessaging-Beta */ = {
			isa = XCSwiftPackageProductDependency;
			package = FB4FE3CC2AD48FED0099C351 /* XCRemoteSwiftPackageReference "firebase-ios-sdk" */;
			productName = "FirebaseInAppMessaging-Beta";
		};
		FB4FE42C2AD496C80099C351 /* FirebaseInAppMessagingSwift-Beta */ = {
			isa = XCSwiftPackageProductDependency;
			package = FB4FE3CC2AD48FED0099C351 /* XCRemoteSwiftPackageReference "firebase-ios-sdk" */;
			productName = "FirebaseInAppMessagingSwift-Beta";
		};
		FB4FE42E2AD496C80099C351 /* FirebaseInstallations */ = {
			isa = XCSwiftPackageProductDependency;
			package = FB4FE3CC2AD48FED0099C351 /* XCRemoteSwiftPackageReference "firebase-ios-sdk" */;
			productName = FirebaseInstallations;
		};
		FB4FE4302AD496C80099C351 /* FirebaseMLModelDownloader */ = {
			isa = XCSwiftPackageProductDependency;
			package = FB4FE3CC2AD48FED0099C351 /* XCRemoteSwiftPackageReference "firebase-ios-sdk" */;
			productName = FirebaseMLModelDownloader;
		};
		FB4FE4322AD496C80099C351 /* FirebaseMessaging */ = {
			isa = XCSwiftPackageProductDependency;
			package = FB4FE3CC2AD48FED0099C351 /* XCRemoteSwiftPackageReference "firebase-ios-sdk" */;
			productName = FirebaseMessaging;
		};
		FB4FE4342AD496C80099C351 /* FirebasePerformance */ = {
			isa = XCSwiftPackageProductDependency;
			package = FB4FE3CC2AD48FED0099C351 /* XCRemoteSwiftPackageReference "firebase-ios-sdk" */;
			productName = FirebasePerformance;
		};
		FB4FE4362AD496C80099C351 /* FirebaseRemoteConfig */ = {
			isa = XCSwiftPackageProductDependency;
			package = FB4FE3CC2AD48FED0099C351 /* XCRemoteSwiftPackageReference "firebase-ios-sdk" */;
			productName = FirebaseRemoteConfig;
		};
		FB4FE4382AD496C80099C351 /* FirebaseRemoteConfigSwift */ = {
			isa = XCSwiftPackageProductDependency;
			package = FB4FE3CC2AD48FED0099C351 /* XCRemoteSwiftPackageReference "firebase-ios-sdk" */;
			productName = FirebaseRemoteConfigSwift;
		};
		FB4FE43A2AD496C80099C351 /* FirebaseStorage */ = {
			isa = XCSwiftPackageProductDependency;
			package = FB4FE3CC2AD48FED0099C351 /* XCRemoteSwiftPackageReference "firebase-ios-sdk" */;
			productName = FirebaseStorage;
		};
		FB4FE43C2AD496C80099C351 /* FirebaseStorageCombine-Community */ = {
			isa = XCSwiftPackageProductDependency;
			package = FB4FE3CC2AD48FED0099C351 /* XCRemoteSwiftPackageReference "firebase-ios-sdk" */;
			productName = "FirebaseStorageCombine-Community";
		};
		FB5537142ACF7FCD008553E4 /* SwiftyJSON */ = {
			isa = XCSwiftPackageProductDependency;
			package = FB5537132ACF7FCD008553E4 /* XCRemoteSwiftPackageReference "SwiftyJSON" */;
			productName = SwiftyJSON;
		};
/* End XCSwiftPackageProductDependency section */
	};
	rootObject = FB96BD112AB90CA80069DD90 /* Project object */;
}
